
Microsoft Visual Studio Solution File, Format Version 12.00
# Visual Studio 2015
Project("{FAE04EC0-301F-11D3-BF4B-00C04F79EFBC}") = "MidTerm - Tanks.CSharp", "MidTerm - Tanks.CSharp.csproj", "{48940F74-9648-24D9-2DD4-C7B499FFA1ED}"
EndProject
Global
	GlobalSection(SolutionConfigurationPlatforms) = preSolution
		Debug|Any CPU = Debug|Any CPU
		Release|Any CPU = Release|Any CPU
	EndGlobalSection
	GlobalSection(ProjectConfigurationPlatforms) = postSolution
		{48940F74-9648-24D9-2DD4-C7B499FFA1ED}.Debug|Any CPU.ActiveCfg = Debug|Any CPU
		{48940F74-9648-24D9-2DD4-C7B499FFA1ED}.Debug|Any CPU.Build.0 = Debug|Any CPU
		{48940F74-9648-24D9-2DD4-C7B499FFA1ED}.Release|Any CPU.ActiveCfg = Release|Any CPU
		{48940F74-9648-24D9-2DD4-C7B499FFA1ED}.Release|Any CPU.Build.0 = Release|Any CPU
	EndGlobalSection
	GlobalSection(SolutionProperties) = preSolution
		HideSolutionNode = FALSE
	EndGlobalSection
EndGlobal
